
Microsoft Visual Studio Solution File, Format Version 12.00
# Visual Studio Version 17
VisualStudioVersion = 17.1.32228.430
MinimumVisualStudioVersion = 10.0.40219.1
Project("{FAE04EC0-301F-11D3-BF4B-00C04F79EFBC}") = "DemoRectangulo", "DemoRectangula\DemoRectangulo.csproj", "{03E506A4-E29C-4C01-8DBF-15F5C06E6867}"
EndProject
Global
	GlobalSection(SolutionConfigurationPlatforms) = preSolution
		Debug|Any CPU = Debug|Any CPU
		Release|Any CPU = Release|Any CPU
	EndGlobalSection
	GlobalSection(ProjectConfigurationPlatforms) = postSolution
		{03E506A4-E29C-4C01-8DBF-15F5C06E6867}.Debug|Any CPU.ActiveCfg = Debug|Any CPU
		{03E506A4-E29C-4C01-8DBF-15F5C06E6867}.Debug|Any CPU.Build.0 = Debug|Any CPU
		{03E506A4-E29C-4C01-8DBF-15F5C06E6867}.Release|Any CPU.ActiveCfg = Release|Any CPU
		{03E506A4-E29C-4C01-8DBF-15F5C06E6867}.Release|Any CPU.Build.0 = Release|Any CPU
	EndGlobalSection
	GlobalSection(SolutionProperties) = preSolution
		HideSolutionNode = FALSE
	EndGlobalSection
	GlobalSection(ExtensibilityGlobals) = postSolution
		SolutionGuid = {59C53193-BF83-478D-B4E8-E704BA374598}
	EndGlobalSection
EndGlobal
